
Microsoft Visual Studio Solution File, Format Version 12.00
# Visual Studio 15
VisualStudioVersion = 15.0.28307.421
MinimumVisualStudioVersion = 10.0.40219.1
Project("{FAE04EC0-301F-11D3-BF4B-00C04F79EFBC}") = "Droomspel.Web", "Droomspel.Web\Droomspel.Web.csproj", "{357D08E2-B1F4-4D76-B989-74C85D616FEB}"
EndProject
Project("{FAE04EC0-301F-11D3-BF4B-00C04F79EFBC}") = "Droomspel.data", "Droomspel.data\Droomspel.data.csproj", "{BFC2DCE9-C0FE-40AC-B020-B9E1BEDD0472}"
EndProject
Global
	GlobalSection(SolutionConfigurationPlatforms) = preSolution
		Debug|Any CPU = Debug|Any CPU
		Release|Any CPU = Release|Any CPU
	EndGlobalSection
	GlobalSection(ProjectConfigurationPlatforms) = postSolution
		{357D08E2-B1F4-4D76-B989-74C85D616FEB}.Debug|Any CPU.ActiveCfg = Debug|Any CPU
		{357D08E2-B1F4-4D76-B989-74C85D616FEB}.Debug|Any CPU.Build.0 = Debug|Any CPU
		{357D08E2-B1F4-4D76-B989-74C85D616FEB}.Release|Any CPU.ActiveCfg = Release|Any CPU
		{357D08E2-B1F4-4D76-B989-74C85D616FEB}.Release|Any CPU.Build.0 = Release|Any CPU
		{BFC2DCE9-C0FE-40AC-B020-B9E1BEDD0472}.Debug|Any CPU.ActiveCfg = Debug|Any CPU
		{BFC2DCE9-C0FE-40AC-B020-B9E1BEDD0472}.Debug|Any CPU.Build.0 = Debug|Any CPU
		{BFC2DCE9-C0FE-40AC-B020-B9E1BEDD0472}.Release|Any CPU.ActiveCfg = Release|Any CPU
		{BFC2DCE9-C0FE-40AC-B020-B9E1BEDD0472}.Release|Any CPU.Build.0 = Release|Any CPU
	EndGlobalSection
	GlobalSection(SolutionProperties) = preSolution
		HideSolutionNode = FALSE
	EndGlobalSection
	GlobalSection(ExtensibilityGlobals) = postSolution
		SolutionGuid = {EB8F6D23-4A59-49E0-A459-512A490DBBF1}
	EndGlobalSection
EndGlobal
